# THIS IS AN AUTOGENERATED FILE. DO NOT EDIT THIS FILE DIRECTLY.
# yarn lockfile v1


animejs@^3.2.1:
  version "3.2.1"
  resolved "https://registry.yarnpkg.com/animejs/-/animejs-3.2.1.tgz#de9fe2e792f44a777a7fdf6ae160e26604b0cdda"
  integrity sha512-sWno3ugFryK5nhiDm/2BKeFCpZv7vzerWUcUPyAZLDhMek3+S/p418ldZJbJXo5ZUOpfm2kP2XRO4NJcULMy9A==

browserfy@^1.0.0:
  version "1.0.0"
  resolved "https://registry.yarnpkg.com/browserfy/-/browserfy-1.0.0.tgz#e84ad0e9053b3943694f5fff5caae07dde474fd3"
  integrity sha1-6ErQ6QU7OUNpT1//XKrgfd5HT9M=
